// !$*UTF8*$!
{
	archiveVersion = 1;
	classes = {
	};
	objectVersion = 46;
	objects = {

/* Begin PBXBuildFile section */
		95899B62243399A600F2490D /* Extensions.swift in Sources */ = {isa = PBXBuildFile; fileRef = 95899B5C243399A600F2490D /* Extensions.swift */; };
		95899B63243399A600F2490D /* SKMultilineLabelNode.swift in Sources */ = {isa = PBXBuildFile; fileRef = 95899B5D243399A600F2490D /* SKMultilineLabelNode.swift */; };
		95899B64243399A600F2490D /* MagneticView.swift in Sources */ = {isa = PBXBuildFile; fileRef = 95899B5E243399A600F2490D /* MagneticView.swift */; };
		95899B65243399A600F2490D /* Node.swift in Sources */ = {isa = PBXBuildFile; fileRef = 95899B5F243399A600F2490D /* Node.swift */; };
		95899B66243399A600F2490D /* SKAction+Color.swift in Sources */ = {isa = PBXBuildFile; fileRef = 95899B60243399A600F2490D /* SKAction+Color.swift */; };
		95899B67243399A600F2490D /* Magnetic.swift in Sources */ = {isa = PBXBuildFile; fileRef = 95899B61243399A600F2490D /* Magnetic.swift */; };
		9594C7E6243103DA00EAE357 /* MagneticViewExtension.swift in Sources */ = {isa = PBXBuildFile; fileRef = 9594C7E2243103D900EAE357 /* MagneticViewExtension.swift */; };
		9594C7E7243103DA00EAE357 /* RNBubbleSelectNodeViewManager.swift in Sources */ = {isa = PBXBuildFile; fileRef = 9594C7E3243103DA00EAE357 /* RNBubbleSelectNodeViewManager.swift */; };
		9594C7E8243103DA00EAE357 /* RNBubbleSelectNode.swift in Sources */ = {isa = PBXBuildFile; fileRef = 9594C7E4243103DA00EAE357 /* RNBubbleSelectNode.swift */; };
		9594C7E9243103DA00EAE357 /* RNBubbleSelectViewManager.swift in Sources */ = {isa = PBXBuildFile; fileRef = 9594C7E5243103DA00EAE357 /* RNBubbleSelectViewManager.swift */; };
		9594C7F02431047200EAE357 /* RNBubbleSelectNodeViewManager.m in Sources */ = {isa = PBXBuildFile; fileRef = 9594C7EE2431047100EAE357 /* RNBubbleSelectNodeViewManager.m */; };
		9594C7F12431047200EAE357 /* RNBubbleSelectViewManager.m in Sources */ = {isa = PBXBuildFile; fileRef = 9594C7EF2431047200EAE357 /* RNBubbleSelectViewManager.m */; };
/* End PBXBuildFile section */

/* Begin PBXCopyFilesBuildPhase section */
		58B511D91A9E6C8500147676 /* CopyFiles */ = {
			isa = PBXCopyFilesBuildPhase;
			buildActionMask = 2147483647;
			dstPath = "include/$(PRODUCT_NAME)";
			dstSubfolderSpec = 16;
			files = (
			);
			runOnlyForDeploymentPostprocessing = 0;
		};
/* End PBXCopyFilesBuildPhase section */

/* Begin PBXFileReference section */
		134814201AA4EA6300B7C361 /* libBubbleSelect.a */ = {isa = PBXFileReference; explicitFileType = archive.ar; includeInIndex = 0; path = libBubbleSelect.a; sourceTree = BUILT_PRODUCTS_DIR; };
		95899B5C243399A600F2490D /* Extensions.swift */ = {isa = PBXFileReference; fileEncoding = 4; lastKnownFileType = sourcecode.swift; path = Extensions.swift; sourceTree = "<group>"; };
		95899B5D243399A600F2490D /* SKMultilineLabelNode.swift */ = {isa = PBXFileReference; fileEncoding = 4; lastKnownFileType = sourcecode.swift; path = SKMultilineLabelNode.swift; sourceTree = "<group>"; };
		95899B5E243399A600F2490D /* MagneticView.swift */ = {isa = PBXFileReference; fileEncoding = 4; lastKnownFileType = sourcecode.swift; path = MagneticView.swift; sourceTree = "<group>"; };
		95899B5F243399A600F2490D /* Node.swift */ = {isa = PBXFileReference; fileEncoding = 4; lastKnownFileType = sourcecode.swift; path = Node.swift; sourceTree = "<group>"; };
		95899B60243399A600F2490D /* SKAction+Color.swift */ = {isa = PBXFileReference; fileEncoding = 4; lastKnownFileType = sourcecode.swift; path = "SKAction+Color.swift"; sourceTree = "<group>"; };
		95899B61243399A600F2490D /* Magnetic.swift */ = {isa = PBXFileReference; fileEncoding = 4; lastKnownFileType = sourcecode.swift; path = Magnetic.swift; sourceTree = "<group>"; };
		9594C7D92431020E00EAE357 /* BubbleSelect-Bridging-Header.h */ = {isa = PBXFileReference; lastKnownFileType = sourcecode.c.h; path = "BubbleSelect-Bridging-Header.h"; sourceTree = "<group>"; };
		9594C7E2243103D900EAE357 /* MagneticViewExtension.swift */ = {isa = PBXFileReference; fileEncoding = 4; lastKnownFileType = sourcecode.swift; path = MagneticViewExtension.swift; sourceTree = "<group>"; };
		9594C7E3243103DA00EAE357 /* RNBubbleSelectNodeViewManager.swift */ = {isa = PBXFileReference; fileEncoding = 4; lastKnownFileType = sourcecode.swift; path = RNBubbleSelectNodeViewManager.swift; sourceTree = "<group>"; };
		9594C7E4243103DA00EAE357 /* RNBubbleSelectNode.swift */ = {isa = PBXFileReference; fileEncoding = 4; lastKnownFileType = sourcecode.swift; path = RNBubbleSelectNode.swift; sourceTree = "<group>"; };
		9594C7E5243103DA00EAE357 /* RNBubbleSelectViewManager.swift */ = {isa = PBXFileReference; fileEncoding = 4; lastKnownFileType = sourcecode.swift; path = RNBubbleSelectViewManager.swift; sourceTree = "<group>"; };
		9594C7EE2431047100EAE357 /* RNBubbleSelectNodeViewManager.m */ = {isa = PBXFileReference; fileEncoding = 4; lastKnownFileType = sourcecode.c.objc; path = RNBubbleSelectNodeViewManager.m; sourceTree = "<group>"; };
		9594C7EF2431047200EAE357 /* RNBubbleSelectViewManager.m */ = {isa = PBXFileReference; fileEncoding = 4; lastKnownFileType = sourcecode.c.objc; path = RNBubbleSelectViewManager.m; sourceTree = "<group>"; };
/* End PBXFileReference section */

/* Begin PBXFrameworksBuildPhase section */
		58B511D81A9E6C8500147676 /* Frameworks */ = {
			isa = PBXFrameworksBuildPhase;
			buildActionMask = 2147483647;
			files = (
			);
			runOnlyForDeploymentPostprocessing = 0;
		};
/* End PBXFrameworksBuildPhase section */

/* Begin PBXGroup section */
		134814211AA4EA7D00B7C361 /* Products */ = {
			isa = PBXGroup;
			children = (
				134814201AA4EA6300B7C361 /* libBubbleSelect.a */,
			);
			name = Products;
			sourceTree = "<group>";
		};
		58B511D21A9E6C8500147676 = {
			isa = PBXGroup;
			children = (
				95899B5B2433997700F2490D /* Magnetic */,
				9594C7E2243103D900EAE357 /* MagneticViewExtension.swift */,
				9594C7EE2431047100EAE357 /* RNBubbleSelectNodeViewManager.m */,
				9594C7EF2431047200EAE357 /* RNBubbleSelectViewManager.m */,
				9594C7E4243103DA00EAE357 /* RNBubbleSelectNode.swift */,
				9594C7E3243103DA00EAE357 /* RNBubbleSelectNodeViewManager.swift */,
				9594C7E5243103DA00EAE357 /* RNBubbleSelectViewManager.swift */,
				9594C7D92431020E00EAE357 /* BubbleSelect-Bridging-Header.h */,
				134814211AA4EA7D00B7C361 /* Products */,
			);
			sourceTree = "<group>";
		};
		95899B5B2433997700F2490D /* Magnetic */ = {
			isa = PBXGroup;
			children = (
				95899B5C243399A600F2490D /* Extensions.swift */,
				95899B61243399A600F2490D /* Magnetic.swift */,
				95899B5E243399A600F2490D /* MagneticView.swift */,
				95899B5F243399A600F2490D /* Node.swift */,
				95899B60243399A600F2490D /* SKAction+Color.swift */,
				95899B5D243399A600F2490D /* SKMultilineLabelNode.swift */,
			);
			path = Magnetic;
			sourceTree = "<group>";
		};
/* End PBXGroup section */

/* Begin PBXNativeTarget section */
		58B511DA1A9E6C8500147676 /* BubbleSelect */ = {
			isa = PBXNativeTarget;
			buildConfigurationList = 58B511EF1A9E6C8500147676 /* Build configuration list for PBXNativeTarget "BubbleSelect" */;
			buildPhases = (
				58B511D71A9E6C8500147676 /* Sources */,
				58B511D81A9E6C8500147676 /* Frameworks */,
				58B511D91A9E6C8500147676 /* CopyFiles */,
			);
			buildRules = (
			);
			dependencies = (
			);
			name = BubbleSelect;
			productName = RCTDataManager;
			productReference = 134814201AA4EA6300B7C361 /* libBubbleSelect.a */;
			productType = "com.apple.product-type.library.static";
		};
/* End PBXNativeTarget section */

/* Begin PBXProject section */
		58B511D31A9E6C8500147676 /* Project object */ = {
			isa = PBXProject;
			attributes = {
				LastUpgradeCheck = 0920;
				ORGANIZATIONNAME = Facebook;
				TargetAttributes = {
					58B511DA1A9E6C8500147676 = {
						CreatedOnToolsVersion = 6.1.1;
						LastSwiftMigration = 1130;
					};
				};
			};
			buildConfigurationList = 58B511D61A9E6C8500147676 /* Build configuration list for PBXProject "BubbleSelect" */;
			compatibilityVersion = "Xcode 3.2";
			developmentRegion = English;
			hasScannedForEncodings = 0;
			knownRegions = (
				English,
				en,
			);
			mainGroup = 58B511D21A9E6C8500147676;
			productRefGroup = 58B511D21A9E6C8500147676;
			projectDirPath = "";
			projectRoot = "";
			targets = (
				58B511DA1A9E6C8500147676 /* BubbleSelect */,
			);
		};
/* End PBXProject section */

/* Begin PBXSourcesBuildPhase section */
		58B511D71A9E6C8500147676 /* Sources */ = {
			isa = PBXSourcesBuildPhase;
			buildActionMask = 2147483647;
			files = (
				9594C7E8243103DA00EAE357 /* RNBubbleSelectNode.swift in Sources */,
				95899B65243399A600F2490D /* Node.swift in Sources */,
				9594C7E9243103DA00EAE357 /* RNBubbleSelectViewManager.swift in Sources */,
				9594C7F02431047200EAE357 /* RNBubbleSelectNodeViewManager.m in Sources */,
				9594C7E7243103DA00EAE357 /* RNBubbleSelectNodeViewManager.swift in Sources */,
				95899B63243399A600F2490D /* SKMultilineLabelNode.swift in Sources */,
				95899B66243399A600F2490D /* SKAction+Color.swift in Sources */,
				9594C7F12431047200EAE357 /* RNBubbleSelectViewManager.m in Sources */,
				9594C7E6243103DA00EAE357 /* MagneticViewExtension.swift in Sources */,
				95899B67243399A600F2490D /* Magnetic.swift in Sources */,
				95899B62243399A600F2490D /* Extensions.swift in Sources */,
				95899B64243399A600F2490D /* MagneticView.swift in Sources */,
			);
			runOnlyForDeploymentPostprocessing = 0;
		};
/* End PBXSourcesBuildPhase section */

/* Begin XCBuildConfiguration section */
		58B511ED1A9E6C8500147676 /* Debug */ = {
			isa = XCBuildConfiguration;
			buildSettings = {
				ALWAYS_SEARCH_USER_PATHS = NO;
				CLANG_CXX_LANGUAGE_STANDARD = "gnu++0x";
				CLANG_CXX_LIBRARY = "libc++";
				CLANG_ENABLE_MODULES = YES;
				CLANG_ENABLE_OBJC_ARC = YES;
				CLANG_WARN_BLOCK_CAPTURE_AUTORELEASING = YES;
				CLANG_WARN_BOOL_CONVERSION = YES;
				CLANG_WARN_COMMA = YES;
				CLANG_WARN_CONSTANT_CONVERSION = YES;
				CLANG_WARN_DIRECT_OBJC_ISA_USAGE = YES_ERROR;
				CLANG_WARN_EMPTY_BODY = YES;
				CLANG_WARN_ENUM_CONVERSION = YES;
				CLANG_WARN_INFINITE_RECURSION = YES;
				CLANG_WARN_INT_CONVERSION = YES;
				CLANG_WARN_NON_LITERAL_NULL_CONVERSION = YES;
				CLANG_WARN_OBJC_LITERAL_CONVERSION = YES;
				CLANG_WARN_OBJC_ROOT_CLASS = YES_ERROR;
				CLANG_WARN_RANGE_LOOP_ANALYSIS = YES;
				CLANG_WARN_STRICT_PROTOTYPES = YES;
				CLANG_WARN_SUSPICIOUS_MOVE = YES;
				CLANG_WARN_UNREACHABLE_CODE = YES;
				CLANG_WARN__DUPLICATE_METHOD_MATCH = YES;
				COPY_PHASE_STRIP = NO;
				ENABLE_STRICT_OBJC_MSGSEND = YES;
				ENABLE_TESTABILITY = YES;
				GCC_C_LANGUAGE_STANDARD = gnu99;
				GCC_DYNAMIC_NO_PIC = NO;
				GCC_NO_COMMON_BLOCKS = YES;
				GCC_OPTIMIZATION_LEVEL = 0;
				GCC_PREPROCESSOR_DEFINITIONS = (
					"DEBUG=1",
					"$(inherited)",
				);
				GCC_SYMBOLS_PRIVATE_EXTERN = NO;
				GCC_WARN_64_TO_32_BIT_CONVERSION = YES;
				GCC_WARN_ABOUT_RETURN_TYPE = YES_ERROR;
				GCC_WARN_UNDECLARED_SELECTOR = YES;
				GCC_WARN_UNINITIALIZED_AUTOS = YES_AGGRESSIVE;
				GCC_WARN_UNUSED_FUNCTION = YES;
				GCC_WARN_UNUSED_VARIABLE = YES;
				IPHONEOS_DEPLOYMENT_TARGET = 8.0;
				MTL_ENABLE_DEBUG_INFO = YES;
				ONLY_ACTIVE_ARCH = YES;
				SDKROOT = iphoneos;
			};
			name = Debug;
		};
		58B511EE1A9E6C8500147676 /* Release */ = {
			isa = XCBuildConfiguration;
			buildSettings = {
				ALWAYS_SEARCH_USER_PATHS = NO;
				CLANG_CXX_LANGUAGE_STANDARD = "gnu++0x";
				CLANG_CXX_LIBRARY = "libc++";
				CLANG_ENABLE_MODULES = YES;
				CLANG_ENABLE_OBJC_ARC = YES;
				CLANG_WARN_BLOCK_CAPTURE_AUTORELEASING = YES;
				CLANG_WARN_BOOL_CONVERSION = YES;
				CLANG_WARN_COMMA = YES;
				CLANG_WARN_CONSTANT_CONVERSION = YES;
				CLANG_WARN_DIRECT_OBJC_ISA_USAGE = YES_ERROR;
				CLANG_WARN_EMPTY_BODY = YES;
				CLANG_WARN_ENUM_CONVERSION = YES;
				CLANG_WARN_INFINITE_RECURSION = YES;
				CLANG_WARN_INT_CONVERSION = YES;
				CLANG_WARN_NON_LITERAL_NULL_CONVERSION = YES;
				CLANG_WARN_OBJC_LITERAL_CONVERSION = YES;
				CLANG_WARN_OBJC_ROOT_CLASS = YES_ERROR;
				CLANG_WARN_RANGE_LOOP_ANALYSIS = YES;
				CLANG_WARN_STRICT_PROTOTYPES = YES;
				CLANG_WARN_SUSPICIOUS_MOVE = YES;
				CLANG_WARN_UNREACHABLE_CODE = YES;
				CLANG_WARN__DUPLICATE_METHOD_MATCH = YES;
				COPY_PHASE_STRIP = YES;
				ENABLE_NS_ASSERTIONS = NO;
				ENABLE_STRICT_OBJC_MSGSEND = YES;
				GCC_C_LANGUAGE_STANDARD = gnu99;
				GCC_NO_COMMON_BLOCKS = YES;
				GCC_WARN_64_TO_32_BIT_CONVERSION = YES;
				GCC_WARN_ABOUT_RETURN_TYPE = YES_ERROR;
				GCC_WARN_UNDECLARED_SELECTOR = YES;
				GCC_WARN_UNINITIALIZED_AUTOS = YES_AGGRESSIVE;
				GCC_WARN_UNUSED_FUNCTION = YES;
				GCC_WARN_UNUSED_VARIABLE = YES;
				IPHONEOS_DEPLOYMENT_TARGET = 8.0;
				MTL_ENABLE_DEBUG_INFO = NO;
				SDKROOT = iphoneos;
				VALIDATE_PRODUCT = YES;
			};
			name = Release;
		};
		58B511F01A9E6C8500147676 /* Debug */ = {
			isa = XCBuildConfiguration;
			buildSettings = {
				CLANG_ENABLE_MODULES = YES;
				HEADER_SEARCH_PATHS = (
					"$(inherited)",
					/Applications/Xcode.app/Contents/Developer/Toolchains/XcodeDefault.xctoolchain/usr/include,
					"$(SRCROOT)/../../../React/**",
					"$(SRCROOT)/../../react-native/React/**",
				);
				LD_RUNPATH_SEARCH_PATHS = "$(inherited) @executable_path/Frameworks @loader_path/Frameworks";
				LIBRARY_SEARCH_PATHS = "$(inherited)";
				OTHER_LDFLAGS = "-ObjC";
				PRODUCT_NAME = BubbleSelect;
				SKIP_INSTALL = YES;
				SWIFT_OBJC_BRIDGING_HEADER = "BubbleSelect-Bridging-Header.h";
				SWIFT_OPTIMIZATION_LEVEL = "-Onone";
				SWIFT_VERSION = 5.0;
			};
			name = Debug;
		};
		58B511F11A9E6C8500147676 /* Release */ = {
			isa = XCBuildConfiguration;
			buildSettings = {
				CLANG_ENABLE_MODULES = YES;
				HEADER_SEARCH_PATHS = (
					"$(inherited)",
					/Applications/Xcode.app/Contents/Developer/Toolchains/XcodeDefault.xctoolchain/usr/include,
					"$(SRCROOT)/../../../React/**",
					"$(SRCROOT)/../../react-native/React/**",
				);
				LD_RUNPATH_SEARCH_PATHS = "$(inherited) @executable_path/Frameworks @loader_path/Frameworks";
				LIBRARY_SEARCH_PATHS = "$(inherited)";
				OTHER_LDFLAGS = "-ObjC";
				PRODUCT_NAME = BubbleSelect;
				SKIP_INSTALL = YES;
				SWIFT_OBJC_BRIDGING_HEADER = "BubbleSelect-Bridging-Header.h";
				SWIFT_VERSION = 5.0;
			};
			name = Release;
		};
/* End XCBuildConfiguration section */

/* Begin XCConfigurationList section */
		58B511D61A9E6C8500147676 /* Build configuration list for PBXProject "BubbleSelect" */ = {
			isa = XCConfigurationList;
			buildConfigurations = (
				58B511ED1A9E6C8500147676 /* Debug */,
				58B511EE1A9E6C8500147676 /* Release */,
			);
			defaultConfigurationIsVisible = 0;
			defaultConfigurationName = Release;
		};
		58B511EF1A9E6C8500147676 /* Build configuration list for PBXNativeTarget "BubbleSelect" */ = {
			isa = XCConfigurationList;
			buildConfigurations = (
				58B511F01A9E6C8500147676 /* Debug */,
				58B511F11A9E6C8500147676 /* Release */,
			);
			defaultConfigurationIsVisible = 0;
			defaultConfigurationName = Release;
		};
/* End XCConfigurationList section */
	};
	rootObject = 58B511D31A9E6C8500147676 /* Project object */;
}
